// !$*UTF8*$!
{
	archiveVersion = 1;
	classes = {
	};
	objectVersion = 46;
	objects = {

/* Begin PBXBuildFile section */
		1E5481F81F0B2EB600E900AB /* main.m in Sources */ = {isa = PBXBuildFile; fileRef = 1E5481F71F0B2EB600E900AB /* main.m */; };
		1E5481FB1F0B2EB600E900AB /* AppDelegate.m in Sources */ = {isa = PBXBuildFile; fileRef = 1E5481FA1F0B2EB600E900AB /* AppDelegate.m */; };
		1E5481FE1F0B2EB600E900AB /* ViewController.m in Sources */ = {isa = PBXBuildFile; fileRef = 1E5481FD1F0B2EB600E900AB /* ViewController.m */; };
		1E5482011F0B2EB700E900AB /* Main.storyboard in Resources */ = {isa = PBXBuildFile; fileRef = 1E5481FF1F0B2EB700E900AB /* Main.storyboard */; };
		1E5482031F0B2EB700E900AB /* Assets.xcassets in Resources */ = {isa = PBXBuildFile; fileRef = 1E5482021F0B2EB700E900AB /* Assets.xcassets */; };
		1E5482061F0B2EB700E900AB /* LaunchScreen.storyboard in Resources */ = {isa = PBXBuildFile; fileRef = 1E5482041F0B2EB700E900AB /* LaunchScreen.storyboard */; };
		1E5482111F0B2EB700E900AB /* Wallet_TDDTests.m in Sources */ = {isa = PBXBuildFile; fileRef = 1E5482101F0B2EB700E900AB /* Wallet_TDDTests.m */; };
		1E54821E1F0B2EF000E900AB /* Money.m in Sources */ = {isa = PBXBuildFile; fileRef = 1E54821D1F0B2EF000E900AB /* Money.m */; };
/* End PBXBuildFile section */

/* Begin PBXContainerItemProxy section */
		1E54820D1F0B2EB700E900AB /* PBXContainerItemProxy */ = {
			isa = PBXContainerItemProxy;
			containerPortal = 1E5481EB1F0B2EB600E900AB /* Project object */;
			proxyType = 1;
			remoteGlobalIDString = 1E5481F21F0B2EB600E900AB;
			remoteInfo = Wallet_TDD;
		};
/* End PBXContainerItemProxy section */

/* Begin PBXFileReference section */
		1E5481F31F0B2EB600E900AB /* Wallet_TDD.app */ = {isa = PBXFileReference; explicitFileType = wrapper.application; includeInIndex = 0; path = Wallet_TDD.app; sourceTree = BUILT_PRODUCTS_DIR; };
		1E5481F71F0B2EB600E900AB /* main.m */ = {isa = PBXFileReference; lastKnownFileType = sourcecode.c.objc; path = main.m; sourceTree = "<group>"; };
		1E5481F91F0B2EB600E900AB /* AppDelegate.h */ = {isa = PBXFileReference; lastKnownFileType = sourcecode.c.h; path = AppDelegate.h; sourceTree = "<group>"; };
		1E5481FA1F0B2EB600E900AB /* AppDelegate.m */ = {isa = PBXFileReference; lastKnownFileType = sourcecode.c.objc; path = AppDelegate.m; sourceTree = "<group>"; };
		1E5481FC1F0B2EB600E900AB /* ViewController.h */ = {isa = PBXFileReference; lastKnownFileType = sourcecode.c.h; path = ViewController.h; sourceTree = "<group>"; };
		1E5481FD1F0B2EB600E900AB /* ViewController.m */ = {isa = PBXFileReference; lastKnownFileType = sourcecode.c.objc; path = ViewController.m; sourceTree = "<group>"; };
		1E5482001F0B2EB700E900AB /* Base */ = {isa = PBXFileReference; lastKnownFileType = file.storyboard; name = Base; path = Base.lproj/Main.storyboard; sourceTree = "<group>"; };
		1E5482021F0B2EB700E900AB /* Assets.xcassets */ = {isa = PBXFileReference; lastKnownFileType = folder.assetcatalog; path = Assets.xcassets; sourceTree = "<group>"; };
		1E5482051F0B2EB700E900AB /* Base */ = {isa = PBXFileReference; lastKnownFileType = file.storyboard; name = Base; path = Base.lproj/LaunchScreen.storyboard; sourceTree = "<group>"; };
		1E5482071F0B2EB700E900AB /* Info.plist */ = {isa = PBXFileReference; lastKnownFileType = text.plist.xml; path = Info.plist; sourceTree = "<group>"; };
		1E54820C1F0B2EB700E900AB /* Wallet_TDDTests.xctest */ = {isa = PBXFileReference; explicitFileType = wrapper.cfbundle; includeInIndex = 0; path = Wallet_TDDTests.xctest; sourceTree = BUILT_PRODUCTS_DIR; };
		1E5482101F0B2EB700E900AB /* Wallet_TDDTests.m */ = {isa = PBXFileReference; lastKnownFileType = sourcecode.c.objc; path = Wallet_TDDTests.m; sourceTree = "<group>"; };
		1E5482121F0B2EB700E900AB /* Info.plist */ = {isa = PBXFileReference; lastKnownFileType = text.plist.xml; path = Info.plist; sourceTree = "<group>"; };
		1E54821C1F0B2EF000E900AB /* Money.h */ = {isa = PBXFileReference; fileEncoding = 4; lastKnownFileType = sourcecode.c.h; name = Money.h; path = Classes/Money.h; sourceTree = "<group>"; };
		1E54821D1F0B2EF000E900AB /* Money.m */ = {isa = PBXFileReference; fileEncoding = 4; lastKnownFileType = sourcecode.c.objc; name = Money.m; path = Classes/Money.m; sourceTree = "<group>"; };
/* End PBXFileReference section */

/* Begin PBXFrameworksBuildPhase section */
		1E5481F01F0B2EB600E900AB /* Frameworks */ = {
			isa = PBXFrameworksBuildPhase;
			buildActionMask = 2147483647;
			files = (
			);
			runOnlyForDeploymentPostprocessing = 0;
		};
		1E5482091F0B2EB700E900AB /* Frameworks */ = {
			isa = PBXFrameworksBuildPhase;
			buildActionMask = 2147483647;
			files = (
			);
			runOnlyForDeploymentPostprocessing = 0;
		};
/* End PBXFrameworksBuildPhase section */

/* Begin PBXGroup section */
		1E5481EA1F0B2EB600E900AB = {
			isa = PBXGroup;
			children = (
				1E5481F51F0B2EB600E900AB /* Wallet_TDD */,
				1E54820F1F0B2EB700E900AB /* Wallet_TDDTests */,
				1E5481F41F0B2EB600E900AB /* Products */,
			);
			sourceTree = "<group>";
		};
		1E5481F41F0B2EB600E900AB /* Products */ = {
			isa = PBXGroup;
			children = (
				1E5481F31F0B2EB600E900AB /* Wallet_TDD.app */,
				1E54820C1F0B2EB700E900AB /* Wallet_TDDTests.xctest */,
			);
			name = Products;
			sourceTree = "<group>";
		};
		1E5481F51F0B2EB600E900AB /* Wallet_TDD */ = {
			isa = PBXGroup;
			children = (
				1E54821B1F0B2ECE00E900AB /* Classes */,
				1E5481F91F0B2EB600E900AB /* AppDelegate.h */,
				1E5481FA1F0B2EB600E900AB /* AppDelegate.m */,
				1E5481FC1F0B2EB600E900AB /* ViewController.h */,
				1E5481FD1F0B2EB600E900AB /* ViewController.m */,
				1E5481FF1F0B2EB700E900AB /* Main.storyboard */,
				1E5482021F0B2EB700E900AB /* Assets.xcassets */,
				1E5482041F0B2EB700E900AB /* LaunchScreen.storyboard */,
				1E5482071F0B2EB700E900AB /* Info.plist */,
				1E5481F61F0B2EB600E900AB /* Supporting Files */,
			);
			path = Wallet_TDD;
			sourceTree = "<group>";
		};
		1E5481F61F0B2EB600E900AB /* Supporting Files */ = {
			isa = PBXGroup;
			children = (
				1E5481F71F0B2EB600E900AB /* main.m */,
			);
			name = "Supporting Files";
			sourceTree = "<group>";
		};
		1E54820F1F0B2EB700E900AB /* Wallet_TDDTests */ = {
			isa = PBXGroup;
			children = (
				1E5482101F0B2EB700E900AB /* Wallet_TDDTests.m */,
				1E5482121F0B2EB700E900AB /* Info.plist */,
			);
			path = Wallet_TDDTests;
			sourceTree = "<group>";
		};
		1E54821B1F0B2ECE00E900AB /* Classes */ = {
			isa = PBXGroup;
			children = (
				1E54821C1F0B2EF000E900AB /* Money.h */,
				1E54821D1F0B2EF000E900AB /* Money.m */,
			);
			name = Classes;
			sourceTree = "<group>";
		};
/* End PBXGroup section */

/* Begin PBXNativeTarget section */
		1E5481F21F0B2EB600E900AB /* Wallet_TDD */ = {
			isa = PBXNativeTarget;
			buildConfigurationList = 1E5482151F0B2EB700E900AB /* Build configuration list for PBXNativeTarget "Wallet_TDD" */;
			buildPhases = (
				1E5481EF1F0B2EB600E900AB /* Sources */,
				1E5481F01F0B2EB600E900AB /* Frameworks */,
				1E5481F11F0B2EB600E900AB /* Resources */,
			);
			buildRules = (
			);
			dependencies = (
			);
			name = Wallet_TDD;
			productName = Wallet_TDD;
			productReference = 1E5481F31F0B2EB600E900AB /* Wallet_TDD.app */;
			productType = "com.apple.product-type.application";
		};
		1E54820B1F0B2EB700E900AB /* Wallet_TDDTests */ = {
			isa = PBXNativeTarget;
			buildConfigurationList = 1E5482181F0B2EB700E900AB /* Build configuration list for PBXNativeTarget "Wallet_TDDTests" */;
			buildPhases = (
				1E5482081F0B2EB700E900AB /* Sources */,
				1E5482091F0B2EB700E900AB /* Frameworks */,
				1E54820A1F0B2EB700E900AB /* Resources */,
			);
			buildRules = (
			);
			dependencies = (
				1E54820E1F0B2EB700E900AB /* PBXTargetDependency */,
			);
			name = Wallet_TDDTests;
			productName = Wallet_TDDTests;
			productReference = 1E54820C1F0B2EB700E900AB /* Wallet_TDDTests.xctest */;
			productType = "com.apple.product-type.bundle.unit-test";
		};
/* End PBXNativeTarget section */

/* Begin PBXProject section */
		1E5481EB1F0B2EB600E900AB /* Project object */ = {
			isa = PBXProject;
			attributes = {
				LastUpgradeCheck = 0830;
				ORGANIZATIONNAME = Apps4s;
				TargetAttributes = {
					1E5481F21F0B2EB600E900AB = {
						CreatedOnToolsVersion = 8.3.3;
						DevelopmentTeam = W4G9N7UD83;
						ProvisioningStyle = Automatic;
					};
					1E54820B1F0B2EB700E900AB = {
						CreatedOnToolsVersion = 8.3.3;
						DevelopmentTeam = W4G9N7UD83;
						ProvisioningStyle = Automatic;
						TestTargetID = 1E5481F21F0B2EB600E900AB;
					};
				};
			};
			buildConfigurationList = 1E5481EE1F0B2EB600E900AB /* Build configuration list for PBXProject "Wallet_TDD" */;
			compatibilityVersion = "Xcode 3.2";
			developmentRegion = English;
			hasScannedForEncodings = 0;
			knownRegions = (
				en,
				Base,
			);
			mainGroup = 1E5481EA1F0B2EB600E900AB;
			productRefGroup = 1E5481F41F0B2EB600E900AB /* Products */;
			projectDirPath = "";
			projectRoot = "";
			targets = (
				1E5481F21F0B2EB600E900AB /* Wallet_TDD */,
				1E54820B1F0B2EB700E900AB /* Wallet_TDDTests */,
			);
		};
/* End PBXProject section */

/* Begin PBXResourcesBuildPhase section */
		1E5481F11F0B2EB600E900AB /* Resources */ = {
			isa = PBXResourcesBuildPhase;
			buildActionMask = 2147483647;
			files = (
				1E5482061F0B2EB700E900AB /* LaunchScreen.storyboard in Resources */,
				1E5482031F0B2EB700E900AB /* Assets.xcassets in Resources */,
				1E5482011F0B2EB700E900AB /* Main.storyboard in Resources */,
			);
			runOnlyForDeploymentPostprocessing = 0;
		};
		1E54820A1F0B2EB700E900AB /* Resources */ = {
			isa = PBXResourcesBuildPhase;
			buildActionMask = 2147483647;
			files = (
			);
			runOnlyForDeploymentPostprocessing = 0;
		};
/* End PBXResourcesBuildPhase section */

/* Begin PBXSourcesBuildPhase section */
		1E5481EF1F0B2EB600E900AB /* Sources */ = {
			isa = PBXSourcesBuildPhase;
			buildActionMask = 2147483647;
			files = (
				1E5481FE1F0B2EB600E900AB /* ViewController.m in Sources */,
				1E5481FB1F0B2EB600E900AB /* AppDelegate.m in Sources */,
				1E54821E1F0B2EF000E900AB /* Money.m in Sources */,
				1E5481F81F0B2EB600E900AB /* main.m in Sources */,
			);
			runOnlyForDeploymentPostprocessing = 0;
		};
		1E5482081F0B2EB700E900AB /* Sources */ = {
			isa = PBXSourcesBuildPhase;
			buildActionMask = 2147483647;
			files = (
				1E5482111F0B2EB700E900AB /* Wallet_TDDTests.m in Sources */,
			);
			runOnlyForDeploymentPostprocessing = 0;
		};
/* End PBXSourcesBuildPhase section */

/* Begin PBXTargetDependency section */
		1E54820E1F0B2EB700E900AB /* PBXTargetDependency */ = {
			isa = PBXTargetDependency;
			target = 1E5481F21F0B2EB600E900AB /* Wallet_TDD */;
			targetProxy = 1E54820D1F0B2EB700E900AB /* PBXContainerItemProxy */;
		};
/* End PBXTargetDependency section */

/* Begin PBXVariantGroup section */
		1E5481FF1F0B2EB700E900AB /* Main.storyboard */ = {
			isa = PBXVariantGroup;
			children = (
				1E5482001F0B2EB700E900AB /* Base */,
			);
			name = Main.storyboard;
			sourceTree = "<group>";
		};
		1E5482041F0B2EB700E900AB /* LaunchScreen.storyboard */ = {
			isa = PBXVariantGroup;
			children = (
				1E5482051F0B2EB700E900AB /* Base */,
			);
			name = LaunchScreen.storyboard;
			sourceTree = "<group>";
		};
/* End PBXVariantGroup section */

/* Begin XCBuildConfiguration section */
		1E5482131F0B2EB700E900AB /* Debug */ = {
			isa = XCBuildConfiguration;
			buildSettings = {
				ALWAYS_SEARCH_USER_PATHS = NO;
				CLANG_ANALYZER_NONNULL = YES;
				CLANG_ANALYZER_NUMBER_OBJECT_CONVERSION = YES_AGGRESSIVE;
				CLANG_CXX_LANGUAGE_STANDARD = "gnu++0x";
				CLANG_CXX_LIBRARY = "libc++";
				CLANG_ENABLE_MODULES = YES;
				CLANG_ENABLE_OBJC_ARC = YES;
				CLANG_WARN_BOOL_CONVERSION = YES;
				CLANG_WARN_CONSTANT_CONVERSION = YES;
				CLANG_WARN_DIRECT_OBJC_ISA_USAGE = YES_ERROR;
				CLANG_WARN_DOCUMENTATION_COMMENTS = YES;
				CLANG_WARN_EMPTY_BODY = YES;
				CLANG_WARN_ENUM_CONVERSION = YES;
				CLANG_WARN_INFINITE_RECURSION = YES;
				CLANG_WARN_INT_CONVERSION = YES;
				CLANG_WARN_OBJC_ROOT_CLASS = YES_ERROR;
				CLANG_WARN_SUSPICIOUS_MOVE = YES;
				CLANG_WARN_UNREACHABLE_CODE = YES;
				CLANG_WARN__DUPLICATE_METHOD_MATCH = YES;
				"CODE_SIGN_IDENTITY[sdk=iphoneos*]" = "iPhone Developer";
				COPY_PHASE_STRIP = NO;
				DEBUG_INFORMATION_FORMAT = dwarf;
				ENABLE_STRICT_OBJC_MSGSEND = YES;
				ENABLE_TESTABILITY = YES;
				GCC_C_LANGUAGE_STANDARD = gnu99;
				GCC_DYNAMIC_NO_PIC = NO;
				GCC_NO_COMMON_BLOCKS = YES;
				GCC_OPTIMIZATION_LEVEL = 0;
				GCC_PREPROCESSOR_DEFINITIONS = (
					"DEBUG=1",
					"$(inherited)",
				);
				GCC_WARN_64_TO_32_BIT_CONVERSION = YES;
				GCC_WARN_ABOUT_RETURN_TYPE = YES_ERROR;
				GCC_WARN_UNDECLARED_SELECTOR = YES;
				GCC_WARN_UNINITIALIZED_AUTOS = YES_AGGRESSIVE;
				GCC_WARN_UNUSED_FUNCTION = YES;
				GCC_WARN_UNUSED_VARIABLE = YES;
				IPHONEOS_DEPLOYMENT_TARGET = 10.3;
				MTL_ENABLE_DEBUG_INFO = YES;
				ONLY_ACTIVE_ARCH = YES;
				SDKROOT = iphoneos;
			};
			name = Debug;
		};
		1E5482141F0B2EB700E900AB /* Release */ = {
			isa = XCBuildConfiguration;
			buildSettings = {
				ALWAYS_SEARCH_USER_PATHS = NO;
				CLANG_ANALYZER_NONNULL = YES;
				CLANG_ANALYZER_NUMBER_OBJECT_CONVERSION = YES_AGGRESSIVE;
				CLANG_CXX_LANGUAGE_STANDARD = "gnu++0x";
				CLANG_CXX_LIBRARY = "libc++";
				CLANG_ENABLE_MODULES = YES;
				CLANG_ENABLE_OBJC_ARC = YES;
				CLANG_WARN_BOOL_CONVERSION = YES;
				CLANG_WARN_CONSTANT_CONVERSION = YES;
				CLANG_WARN_DIRECT_OBJC_ISA_USAGE = YES_ERROR;
				CLANG_WARN_DOCUMENTATION_COMMENTS = YES;
				CLANG_WARN_EMPTY_BODY = YES;
				CLANG_WARN_ENUM_CONVERSION = YES;
				CLANG_WARN_INFINITE_RECURSION = YES;
				CLANG_WARN_INT_CONVERSION = YES;
				CLANG_WARN_OBJC_ROOT_CLASS = YES_ERROR;
				CLANG_WARN_SUSPICIOUS_MOVE = YES;
				CLANG_WARN_UNREACHABLE_CODE = YES;
				CLANG_WARN__DUPLICATE_METHOD_MATCH = YES;
				"CODE_SIGN_IDENTITY[sdk=iphoneos*]" = "iPhone Developer";
				COPY_PHASE_STRIP = NO;
				DEBUG_INFORMATION_FORMAT = "dwarf-with-dsym";
				ENABLE_NS_ASSERTIONS = NO;
				ENABLE_STRICT_OBJC_MSGSEND = YES;
				GCC_C_LANGUAGE_STANDARD = gnu99;
				GCC_NO_COMMON_BLOCKS = YES;
				GCC_WARN_64_TO_32_BIT_CONVERSION = YES;
				GCC_WARN_ABOUT_RETURN_TYPE = YES_ERROR;
				GCC_WARN_UNDECLARED_SELECTOR = YES;
				GCC_WARN_UNINITIALIZED_AUTOS = YES_AGGRESSIVE;
				GCC_WARN_UNUSED_FUNCTION = YES;
				GCC_WARN_UNUSED_VARIABLE = YES;
				IPHONEOS_DEPLOYMENT_TARGET = 10.3;
				MTL_ENABLE_DEBUG_INFO = NO;
				SDKROOT = iphoneos;
				VALIDATE_PRODUCT = YES;
			};
			name = Release;
		};
		1E5482161F0B2EB700E900AB /* Debug */ = {
			isa = XCBuildConfiguration;
			buildSettings = {
				ASSETCATALOG_COMPILER_APPICON_NAME = AppIcon;
				DEVELOPMENT_TEAM = W4G9N7UD83;
				INFOPLIST_FILE = Wallet_TDD/Info.plist;
				LD_RUNPATH_SEARCH_PATHS = "$(inherited) @executable_path/Frameworks";
				PRODUCT_BUNDLE_IDENTIFIER = "com.apps4s.Wallet-TDD";
				PRODUCT_NAME = "$(TARGET_NAME)";
			};
			name = Debug;
		};
		1E5482171F0B2EB700E900AB /* Release */ = {
			isa = XCBuildConfiguration;
			buildSettings = {
				ASSETCATALOG_COMPILER_APPICON_NAME = AppIcon;
				DEVELOPMENT_TEAM = W4G9N7UD83;
				INFOPLIST_FILE = Wallet_TDD/Info.plist;
				LD_RUNPATH_SEARCH_PATHS = "$(inherited) @executable_path/Frameworks";
				PRODUCT_BUNDLE_IDENTIFIER = "com.apps4s.Wallet-TDD";
				PRODUCT_NAME = "$(TARGET_NAME)";
			};
			name = Release;
		};
		1E5482191F0B2EB700E900AB /* Debug */ = {
			isa = XCBuildConfiguration;
			buildSettings = {
				BUNDLE_LOADER = "$(TEST_HOST)";
				DEVELOPMENT_TEAM = W4G9N7UD83;
				INFOPLIST_FILE = Wallet_TDDTests/Info.plist;
				LD_RUNPATH_SEARCH_PATHS = "$(inherited) @executable_path/Frameworks @loader_path/Frameworks";
				PRODUCT_BUNDLE_IDENTIFIER = "com.apps4s.Wallet-TDDTests";
				PRODUCT_NAME = "$(TARGET_NAME)";
				TEST_HOST = "$(BUILT_PRODUCTS_DIR)/Wallet_TDD.app/Wallet_TDD";
			};
			name = Debug;
		};
		1E54821A1F0B2EB700E900AB /* Release */ = {
			isa = XCBuildConfiguration;
			buildSettings = {
				BUNDLE_LOADER = "$(TEST_HOST)";
				DEVELOPMENT_TEAM = W4G9N7UD83;
				INFOPLIST_FILE = Wallet_TDDTests/Info.plist;
				LD_RUNPATH_SEARCH_PATHS = "$(inherited) @executable_path/Frameworks @loader_path/Frameworks";
				PRODUCT_BUNDLE_IDENTIFIER = "com.apps4s.Wallet-TDDTests";
				PRODUCT_NAME = "$(TARGET_NAME)";
				TEST_HOST = "$(BUILT_PRODUCTS_DIR)/Wallet_TDD.app/Wallet_TDD";
			};
			name = Release;
		};
/* End XCBuildConfiguration section */

/* Begin XCConfigurationList section */
		1E5481EE1F0B2EB600E900AB /* Build configuration list for PBXProject "Wallet_TDD" */ = {
			isa = XCConfigurationList;
			buildConfigurations = (
				1E5482131F0B2EB700E900AB /* Debug */,
				1E5482141F0B2EB700E900AB /* Release */,
			);
			defaultConfigurationIsVisible = 0;
			defaultConfigurationName = Release;
		};
		1E5482151F0B2EB700E900AB /* Build configuration list for PBXNativeTarget "Wallet_TDD" */ = {
			isa = XCConfigurationList;
			buildConfigurations = (
				1E5482161F0B2EB700E900AB /* Debug */,
				1E5482171F0B2EB700E900AB /* Release */,
			);
			defaultConfigurationIsVisible = 0;
		};
		1E5482181F0B2EB700E900AB /* Build configuration list for PBXNativeTarget "Wallet_TDDTests" */ = {
			isa = XCConfigurationList;
			buildConfigurations = (
				1E5482191F0B2EB700E900AB /* Debug */,
				1E54821A1F0B2EB700E900AB /* Release */,
			);
			defaultConfigurationIsVisible = 0;
		};
/* End XCConfigurationList section */
	};
	rootObject = 1E5481EB1F0B2EB600E900AB /* Project object */;
}
